{
  "name": "totangoClient",
  "version": "1.0.0",
  "lockfileVersion": 1,
  "dependencies": {
    "amdefine": {
      "version": "https://registry.npmjs.org/amdefine/-/amdefine-1.0.1.tgz",
      "integrity": "sha1-SlKCrBZHKek2Gbz9OtFR+BfOkfU="
    },
    "eslint-config-roadmunk": {
      "version": "git://github.com/roadmunk/eslint-config-roadmunk.git#0dfb5c54473c9df0f625e4a8607849e42b6b2d1f",
      "dev": true
    },
    "JSClass": {
      "version": "git://github.com/roadmunk/JS.git#96be1fa3d04d187ace417ef0c5d62710fdd1f505"
    }
  }
}
